
Microsoft Visual Studio Solution File, Format Version 12.00
# Visual Studio Version 17
VisualStudioVersion = 17.5.002.0
MinimumVisualStudioVersion = 10.0.40219.1
Project("{2150E333-8FDC-42A3-9474-1A3956D46DE8}") = "csharp-prep", "csharp-prep", "{D13935F1-9246-4AF8-9E68-A8CAD750D43E}"
EndProject
Project("{9A19103F-16F7-4668-BE54-9A1E7A4F7556}") = "Prep1", "csharp-prep\Prep1\Prep1.csproj", "{28F5F27B-7161-40A6-9C21-A675A4BD7763}"
EndProject
Project("{9A19103F-16F7-4668-BE54-9A1E7A4F7556}") = "Prep2", "csharp-prep\Prep2\Prep2.csproj", "{38312515-7D1E-4A23-BA43-AD895F15D44A}"
EndProject
Project("{9A19103F-16F7-4668-BE54-9A1E7A4F7556}") = "Prep3", "csharp-prep\Prep3\Prep3.csproj", "{DAD69828-2EE3-4397-93B2-01E4C43ADD6F}"
EndProject
Project("{9A19103F-16F7-4668-BE54-9A1E7A4F7556}") = "Prep4", "csharp-prep\Prep4\Prep4.csproj", "{B764BCB7-FA96-447E-BDBF-F8633C2D300F}"
EndProject
Project("{9A19103F-16F7-4668-BE54-9A1E7A4F7556}") = "Prep5", "csharp-prep\Prep5\Prep5.csproj", "{8183A916-90FC-49F9-B96E-97E5E165AF23}"
EndProject
Project("{2150E333-8FDC-42A3-9474-1A3956D46DE8}") = "final", "final", "{D52058E4-CDCF-4349-B57A-19B3362FA8B4}"
EndProject
Project("{9A19103F-16F7-4668-BE54-9A1E7A4F7556}") = "FinalProject", "final\FinalProject\FinalProject.csproj", "{ADBB1C98-A06D-41BB-9EA5-79A318F0C76B}"
EndProject
Project("{9A19103F-16F7-4668-BE54-9A1E7A4F7556}") = "Foundation1", "final\Foundation1\Foundation1.csproj", "{5D000D58-1601-4F98-959C-3B6DD769ABAA}"
EndProject
Project("{9A19103F-16F7-4668-BE54-9A1E7A4F7556}") = "Foundation2", "final\Foundation2\Foundation2.csproj", "{69479DC9-A89F-416F-9887-B89BD2EAB308}"
EndProject
Project("{9A19103F-16F7-4668-BE54-9A1E7A4F7556}") = "Foundation3", "final\Foundation3\Foundation3.csproj", "{3F281CF3-461C-4D55-B76A-0ECC872A68EC}"
EndProject
Project("{9A19103F-16F7-4668-BE54-9A1E7A4F7556}") = "Foundation4", "final\Foundation4\Foundation4.csproj", "{BE121840-1AED-44A7-8FEB-11B006AA1966}"
EndProject
Project("{2150E333-8FDC-42A3-9474-1A3956D46DE8}") = "prepare", "prepare", "{18070ABC-E5DB-42CD-867C-A0B5A3ADEDD0}"
EndProject
Project("{9A19103F-16F7-4668-BE54-9A1E7A4F7556}") = "Learning02", "prepare\Learning02\Learning02.csproj", "{5414C6C5-CFEA-4F63-B84A-9251144CBD97}"
EndProject
Project("{9A19103F-16F7-4668-BE54-9A1E7A4F7556}") = "Learning03", "prepare\Learning03\Learning03.csproj", "{505C2185-4C43-4B5E-9AF8-48506BF29F91}"
EndProject
Project("{9A19103F-16F7-4668-BE54-9A1E7A4F7556}") = "Learning04", "prepare\Learning04\Learning04.csproj", "{D137CCD6-1819-4B5D-8BFE-E5851876ADEF}"
EndProject
Project("{9A19103F-16F7-4668-BE54-9A1E7A4F7556}") = "Learning05", "prepare\Learning05\Learning05.csproj", "{8F8178C4-30C8-4A1F-B257-A7D84EE3BF22}"
EndProject
Project("{2150E333-8FDC-42A3-9474-1A3956D46DE8}") = "prove", "prove", "{9083A90C-3B00-425B-A9A1-30692057BEDE}"
EndProject
Project("{9A19103F-16F7-4668-BE54-9A1E7A4F7556}") = "Develop02", "prove\Develop02\Develop02.csproj", "{090010DF-CE28-4397-B025-DBC67445C79F}"
EndProject
Project("{9A19103F-16F7-4668-BE54-9A1E7A4F7556}") = "Develop03", "prove\Develop03\Develop03.csproj", "{733D4624-1BDE-4CFA-AD9B-B21944212A4E}"
EndProject
Project("{9A19103F-16F7-4668-BE54-9A1E7A4F7556}") = "Develop04", "prove\Develop04\Develop04.csproj", "{A059A4CF-E284-4B6C-B954-46B2691AF216}"
EndProject
Project("{9A19103F-16F7-4668-BE54-9A1E7A4F7556}") = "Develop05", "prove\Develop05\Develop05.csproj", "{CAC898D3-DC5D-49F0-8188-53CE93D0A716}"
EndProject
Project("{2150E333-8FDC-42A3-9474-1A3956D46DE8}") = "sandbox", "sandbox", "{4AA18F7E-78B2-4AFF-9E95-AD1172395B01}"
EndProject
Project("{9A19103F-16F7-4668-BE54-9A1E7A4F7556}") = "Sandbox", "sandbox\Sandbox\Sandbox.csproj", "{FC0D3A04-F6C2-4110-BB94-EE69267F5F2C}"
EndProject
Global
	GlobalSection(SolutionConfigurationPlatforms) = preSolution
		Debug|Any CPU = Debug|Any CPU
		Release|Any CPU = Release|Any CPU
	EndGlobalSection
	GlobalSection(ProjectConfigurationPlatforms) = postSolution
		{28F5F27B-7161-40A6-9C21-A675A4BD7763}.Debug|Any CPU.ActiveCfg = Debug|Any CPU
		{28F5F27B-7161-40A6-9C21-A675A4BD7763}.Debug|Any CPU.Build.0 = Debug|Any CPU
		{28F5F27B-7161-40A6-9C21-A675A4BD7763}.Release|Any CPU.ActiveCfg = Release|Any CPU
		{28F5F27B-7161-40A6-9C21-A675A4BD7763}.Release|Any CPU.Build.0 = Release|Any CPU
		{38312515-7D1E-4A23-BA43-AD895F15D44A}.Debug|Any CPU.ActiveCfg = Debug|Any CPU
		{38312515-7D1E-4A23-BA43-AD895F15D44A}.Debug|Any CPU.Build.0 = Debug|Any CPU
		{38312515-7D1E-4A23-BA43-AD895F15D44A}.Release|Any CPU.ActiveCfg = Release|Any CPU
		{38312515-7D1E-4A23-BA43-AD895F15D44A}.Release|Any CPU.Build.0 = Release|Any CPU
		{DAD69828-2EE3-4397-93B2-01E4C43ADD6F}.Debug|Any CPU.ActiveCfg = Debug|Any CPU
		{DAD69828-2EE3-4397-93B2-01E4C43ADD6F}.Debug|Any CPU.Build.0 = Debug|Any CPU
		{DAD69828-2EE3-4397-93B2-01E4C43ADD6F}.Release|Any CPU.ActiveCfg = Release|Any CPU
		{DAD69828-2EE3-4397-93B2-01E4C43ADD6F}.Release|Any CPU.Build.0 = Release|Any CPU
		{B764BCB7-FA96-447E-BDBF-F8633C2D300F}.Debug|Any CPU.ActiveCfg = Debug|Any CPU
		{B764BCB7-FA96-447E-BDBF-F8633C2D300F}.Debug|Any CPU.Build.0 = Debug|Any CPU
		{B764BCB7-FA96-447E-BDBF-F8633C2D300F}.Release|Any CPU.ActiveCfg = Release|Any CPU
		{B764BCB7-FA96-447E-BDBF-F8633C2D300F}.Release|Any CPU.Build.0 = Release|Any CPU
		{8183A916-90FC-49F9-B96E-97E5E165AF23}.Debug|Any CPU.ActiveCfg = Debug|Any CPU
		{8183A916-90FC-49F9-B96E-97E5E165AF23}.Debug|Any CPU.Build.0 = Debug|Any CPU
		{8183A916-90FC-49F9-B96E-97E5E165AF23}.Release|Any CPU.ActiveCfg = Release|Any CPU
		{8183A916-90FC-49F9-B96E-97E5E165AF23}.Release|Any CPU.Build.0 = Release|Any CPU
		{ADBB1C98-A06D-41BB-9EA5-79A318F0C76B}.Debug|Any CPU.ActiveCfg = Debug|Any CPU
		{ADBB1C98-A06D-41BB-9EA5-79A318F0C76B}.Debug|Any CPU.Build.0 = Debug|Any CPU
		{ADBB1C98-A06D-41BB-9EA5-79A318F0C76B}.Release|Any CPU.ActiveCfg = Release|Any CPU
		{ADBB1C98-A06D-41BB-9EA5-79A318F0C76B}.Release|Any CPU.Build.0 = Release|Any CPU
		{5D000D58-1601-4F98-959C-3B6DD769ABAA}.Debug|Any CPU.ActiveCfg = Debug|Any CPU
		{5D000D58-1601-4F98-959C-3B6DD769ABAA}.Debug|Any CPU.Build.0 = Debug|Any CPU
		{5D000D58-1601-4F98-959C-3B6DD769ABAA}.Release|Any CPU.ActiveCfg = Release|Any CPU
		{5D000D58-1601-4F98-959C-3B6DD769ABAA}.Release|Any CPU.Build.0 = Release|Any CPU
		{69479DC9-A89F-416F-9887-B89BD2EAB308}.Debug|Any CPU.ActiveCfg = Debug|Any CPU
		{69479DC9-A89F-416F-9887-B89BD2EAB308}.Debug|Any CPU.Build.0 = Debug|Any CPU
		{69479DC9-A89F-416F-9887-B89BD2EAB308}.Release|Any CPU.ActiveCfg = Release|Any CPU
		{69479DC9-A89F-416F-9887-B89BD2EAB308}.Release|Any CPU.Build.0 = Release|Any CPU
		{3F281CF3-461C-4D55-B76A-0ECC872A68EC}.Debug|Any CPU.ActiveCfg = Debug|Any CPU
		{3F281CF3-461C-4D55-B76A-0ECC872A68EC}.Debug|Any CPU.Build.0 = Debug|Any CPU
		{3F281CF3-461C-4D55-B76A-0ECC872A68EC}.Release|Any CPU.ActiveCfg = Release|Any CPU
		{3F281CF3-461C-4D55-B76A-0ECC872A68EC}.Release|Any CPU.Build.0 = Release|Any CPU
		{BE121840-1AED-44A7-8FEB-11B006AA1966}.Debug|Any CPU.ActiveCfg = Debug|Any CPU
		{BE121840-1AED-44A7-8FEB-11B006AA1966}.Debug|Any CPU.Build.0 = Debug|Any CPU
		{BE121840-1AED-44A7-8FEB-11B006AA1966}.Release|Any CPU.ActiveCfg = Release|Any CPU
		{BE121840-1AED-44A7-8FEB-11B006AA1966}.Release|Any CPU.Build.0 = Release|Any CPU
		{5414C6C5-CFEA-4F63-B84A-9251144CBD97}.Debug|Any CPU.ActiveCfg = Debug|Any CPU
		{5414C6C5-CFEA-4F63-B84A-9251144CBD97}.Debug|Any CPU.Build.0 = Debug|Any CPU
		{5414C6C5-CFEA-4F63-B84A-9251144CBD97}.Release|Any CPU.ActiveCfg = Release|Any CPU
		{5414C6C5-CFEA-4F63-B84A-9251144CBD97}.Release|Any CPU.Build.0 = Release|Any CPU
		{505C2185-4C43-4B5E-9AF8-48506BF29F91}.Debug|Any CPU.ActiveCfg = Debug|Any CPU
		{505C2185-4C43-4B5E-9AF8-48506BF29F91}.Debug|Any CPU.Build.0 = Debug|Any CPU
		{505C2185-4C43-4B5E-9AF8-48506BF29F91}.Release|Any CPU.ActiveCfg = Release|Any CPU
		{505C2185-4C43-4B5E-9AF8-48506BF29F91}.Release|Any CPU.Build.0 = Release|Any CPU
		{D137CCD6-1819-4B5D-8BFE-E5851876ADEF}.Debug|Any CPU.ActiveCfg = Debug|Any CPU
		{D137CCD6-1819-4B5D-8BFE-E5851876ADEF}.Debug|Any CPU.Build.0 = Debug|Any CPU
		{D137CCD6-1819-4B5D-8BFE-E5851876ADEF}.Release|Any CPU.ActiveCfg = Release|Any CPU
		{D137CCD6-1819-4B5D-8BFE-E5851876ADEF}.Release|Any CPU.Build.0 = Release|Any CPU
		{8F8178C4-30C8-4A1F-B257-A7D84EE3BF22}.Debug|Any CPU.ActiveCfg = Debug|Any CPU
		{8F8178C4-30C8-4A1F-B257-A7D84EE3BF22}.Debug|Any CPU.Build.0 = Debug|Any CPU
		{8F8178C4-30C8-4A1F-B257-A7D84EE3BF22}.Release|Any CPU.ActiveCfg = Release|Any CPU
		{8F8178C4-30C8-4A1F-B257-A7D84EE3BF22}.Release|Any CPU.Build.0 = Release|Any CPU
		{090010DF-CE28-4397-B025-DBC67445C79F}.Debug|Any CPU.ActiveCfg = Debug|Any CPU
		{090010DF-CE28-4397-B025-DBC67445C79F}.Debug|Any CPU.Build.0 = Debug|Any CPU
		{090010DF-CE28-4397-B025-DBC67445C79F}.Release|Any CPU.ActiveCfg = Release|Any CPU
		{090010DF-CE28-4397-B025-DBC67445C79F}.Release|Any CPU.Build.0 = Release|Any CPU
		{733D4624-1BDE-4CFA-AD9B-B21944212A4E}.Debug|Any CPU.ActiveCfg = Debug|Any CPU
		{733D4624-1BDE-4CFA-AD9B-B21944212A4E}.Debug|Any CPU.Build.0 = Debug|Any CPU
		{733D4624-1BDE-4CFA-AD9B-B21944212A4E}.Release|Any CPU.ActiveCfg = Release|Any CPU
		{733D4624-1BDE-4CFA-AD9B-B21944212A4E}.Release|Any CPU.Build.0 = Release|Any CPU
		{A059A4CF-E284-4B6C-B954-46B2691AF216}.Debug|Any CPU.ActiveCfg = Debug|Any CPU
		{A059A4CF-E284-4B6C-B954-46B2691AF216}.Debug|Any CPU.Build.0 = Debug|Any CPU
		{A059A4CF-E284-4B6C-B954-46B2691AF216}.Release|Any CPU.ActiveCfg = Release|Any CPU
		{A059A4CF-E284-4B6C-B954-46B2691AF216}.Release|Any CPU.Build.0 = Release|Any CPU
		{CAC898D3-DC5D-49F0-8188-53CE93D0A716}.Debug|Any CPU.ActiveCfg = Debug|Any CPU
		{CAC898D3-DC5D-49F0-8188-53CE93D0A716}.Debug|Any CPU.Build.0 = Debug|Any CPU
		{CAC898D3-DC5D-49F0-8188-53CE93D0A716}.Release|Any CPU.ActiveCfg = Release|Any CPU
		{CAC898D3-DC5D-49F0-8188-53CE93D0A716}.Release|Any CPU.Build.0 = Release|Any CPU
		{FC0D3A04-F6C2-4110-BB94-EE69267F5F2C}.Debug|Any CPU.ActiveCfg = Debug|Any CPU
		{FC0D3A04-F6C2-4110-BB94-EE69267F5F2C}.Debug|Any CPU.Build.0 = Debug|Any CPU
		{FC0D3A04-F6C2-4110-BB94-EE69267F5F2C}.Release|Any CPU.ActiveCfg = Release|Any CPU
		{FC0D3A04-F6C2-4110-BB94-EE69267F5F2C}.Release|Any CPU.Build.0 = Release|Any CPU
	EndGlobalSection
	GlobalSection(SolutionProperties) = preSolution
		HideSolutionNode = FALSE
	EndGlobalSection
	GlobalSection(NestedProjects) = preSolution
		{28F5F27B-7161-40A6-9C21-A675A4BD7763} = {D13935F1-9246-4AF8-9E68-A8CAD750D43E}
		{38312515-7D1E-4A23-BA43-AD895F15D44A} = {D13935F1-9246-4AF8-9E68-A8CAD750D43E}
		{DAD69828-2EE3-4397-93B2-01E4C43ADD6F} = {D13935F1-9246-4AF8-9E68-A8CAD750D43E}
		{B764BCB7-FA96-447E-BDBF-F8633C2D300F} = {D13935F1-9246-4AF8-9E68-A8CAD750D43E}
		{8183A916-90FC-49F9-B96E-97E5E165AF23} = {D13935F1-9246-4AF8-9E68-A8CAD750D43E}
		{ADBB1C98-A06D-41BB-9EA5-79A318F0C76B} = {D52058E4-CDCF-4349-B57A-19B3362FA8B4}
		{5D000D58-1601-4F98-959C-3B6DD769ABAA} = {D52058E4-CDCF-4349-B57A-19B3362FA8B4}
		{69479DC9-A89F-416F-9887-B89BD2EAB308} = {D52058E4-CDCF-4349-B57A-19B3362FA8B4}
		{3F281CF3-461C-4D55-B76A-0ECC872A68EC} = {D52058E4-CDCF-4349-B57A-19B3362FA8B4}
		{BE121840-1AED-44A7-8FEB-11B006AA1966} = {D52058E4-CDCF-4349-B57A-19B3362FA8B4}
		{5414C6C5-CFEA-4F63-B84A-9251144CBD97} = {18070ABC-E5DB-42CD-867C-A0B5A3ADEDD0}
		{505C2185-4C43-4B5E-9AF8-48506BF29F91} = {18070ABC-E5DB-42CD-867C-A0B5A3ADEDD0}
		{D137CCD6-1819-4B5D-8BFE-E5851876ADEF} = {18070ABC-E5DB-42CD-867C-A0B5A3ADEDD0}
		{8F8178C4-30C8-4A1F-B257-A7D84EE3BF22} = {18070ABC-E5DB-42CD-867C-A0B5A3ADEDD0}
		{090010DF-CE28-4397-B025-DBC67445C79F} = {9083A90C-3B00-425B-A9A1-30692057BEDE}
		{733D4624-1BDE-4CFA-AD9B-B21944212A4E} = {9083A90C-3B00-425B-A9A1-30692057BEDE}
		{A059A4CF-E284-4B6C-B954-46B2691AF216} = {9083A90C-3B00-425B-A9A1-30692057BEDE}
		{CAC898D3-DC5D-49F0-8188-53CE93D0A716} = {9083A90C-3B00-425B-A9A1-30692057BEDE}
		{FC0D3A04-F6C2-4110-BB94-EE69267F5F2C} = {4AA18F7E-78B2-4AFF-9E95-AD1172395B01}
	EndGlobalSection
	GlobalSection(ExtensibilityGlobals) = postSolution
		SolutionGuid = {4432E330-F883-43FB-AC3A-B1ECA9C230ED}
	EndGlobalSection
EndGlobal
